{
  "name": "wx_booking",
  "version": "1.0.0",
  "lockfileVersion": 1,
  "requires": true,
  "dependencies": {
    "uview-ui": {
      "version": "1.6.7",
      "resolved": "https://registry.npmjs.org/uview-ui/-/uview-ui-1.6.7.tgz",
      "integrity": "sha512-tMd5aO+fXC8KvtnDGfRrSRnRpmoPYvBiLdzpY8o0RwAvZkkxBpbIj36w4Gz773r8vVTdSigQbIhQ8dHcagJoZg=="
    },
    "vue-i18n": {
      "version": "8.21.1",
      "resolved": "https://registry.npmjs.org/vue-i18n/-/vue-i18n-8.21.1.tgz",
      "integrity": "sha512-KEakJLI7R6+UCmhJOMZ0K7C+Zf5FcMh7QDkBRaEq39V7d9JgSrTDBf/9HuHU3TaxQYXx4fUi5PTIPdwLXq+iow=="
    }
  }
}
