{
  "name": "jsbridge-shim",
  "version": "1.0.0",
  "lockfileVersion": 1,
  "requires": true,
  "dependencies": {
    "jquery": {
      "version": "3.2.1",
      "resolved": "http://10.66.72.20:4873/jquery/-/jquery-3.2.1.tgz",
      "integrity": "sha1-XE2d5lKvbNCncBVKYxu6ErAVx4c="
    },
    "jsbridge-core": {
      "version": "2.0.0",
      "resolved": "http://10.66.72.20:4873/jsbridge-core/-/jsbridge-core-2.0.0.tgz",
      "integrity": "sha512-3NoFiTUHGSK0OobDYpaqqTq8ypVbO8IQsJ+TTMcHZ3XjSgho6fdW6yTQRtcA6RO5tY8G6wq3Mpj4ODqT2EwTiQ=="
    },
    "jsbridge-util": {
      "version": "1.0.0",
      "resolved": "http://10.66.72.20:4873/jsbridge-util/-/jsbridge-util-1.0.0.tgz",
      "integrity": "sha512-rBGOlGDXFhEYVp3wAFcyvh0GjV+CSBIN7beVYoZE21+hITIbmLE4jGHeZbdZfUsrr6bCe8Qw5tT9KHW8Sq+hKQ==",
      "requires": {
        "jsbridge-core": "2.0.0"
      }
    },
    "ui-common": {
      "version": "1.0.0",
      "resolved": "http://10.66.72.20:4873/ui-common/-/ui-common-1.0.0.tgz",
      "integrity": "sha512-BH5zIaxDkE1cGDzfqmDMtfOmhXRiaD4oRMIDrGLF9KdHerk4uPTnibeP37SH/hhLoBBewWeUuAeu3BDd14OfHA==",
      "requires": {
        "jquery": "3.2.1"
      }
    }
  }
}
